
Microsoft Visual Studio Solution File, Format Version 12.00
Project("{FAE04EC0-301F-11D3-BF4B-00C04F79EFBC}") = "BEAUTIFY_API-GATEWAY.APP", "BEAUTIFY_API-GATEWAY.APP\BEAUTIFY_API-GATEWAY.APP.csproj", "{14053216-6D4F-4965-A1BB-2DAF0A8A0C90}"
EndProject
Global
	GlobalSection(SolutionConfigurationPlatforms) = preSolution
		Debug|Any CPU = Debug|Any CPU
		Release|Any CPU = Release|Any CPU
	EndGlobalSection
	GlobalSection(ProjectConfigurationPlatforms) = postSolution
		{14053216-6D4F-4965-A1BB-2DAF0A8A0C90}.Debug|Any CPU.ActiveCfg = Debug|Any CPU
		{14053216-6D4F-4965-A1BB-2DAF0A8A0C90}.Debug|Any CPU.Build.0 = Debug|Any CPU
		{14053216-6D4F-4965-A1BB-2DAF0A8A0C90}.Release|Any CPU.ActiveCfg = Release|Any CPU
		{14053216-6D4F-4965-A1BB-2DAF0A8A0C90}.Release|Any CPU.Build.0 = Release|Any CPU
	EndGlobalSection
EndGlobal
